github.com/big-smiles/golang-boardgames v0.0.2 h1:2GFg0L75yk0g76vBJi5GbNhJHDxhdJqo7tvCW3GSL+o=
github.com/big-smiles/golang-boardgames v0.0.2/go.mod h1:8EIK3yVM67NT/ArNQjHD9KN1Lc9WoE7u1BYGp9u3k/g=
github.com/big-smiles/golang-boardgames v0.0.3 h1:v2ceVmER7EEeH6iSjA+Qj8hbLV9YCNhjTVqeV+yAOi4=
github.com/big-smiles/golang-boardgames v0.0.3/go.mod h1:8EIK3yVM67NT/ArNQjHD9KN1Lc9WoE7u1BYGp9u3k/g=
